// !$*UTF8*$!
{
	archiveVersion = 1;
	classes = {
	};
	objectVersion = 46;
	objects = {

/* Begin PBXBuildFile section */
		6ABE3D3E1C9A1741000573C1 /* main.m in Sources */ = {isa = PBXBuildFile; fileRef = 6ABE3D3D1C9A1741000573C1 /* main.m */; };
		6ABE3D411C9A1741000573C1 /* AppDelegate.m in Sources */ = {isa = PBXBuildFile; fileRef = 6ABE3D401C9A1741000573C1 /* AppDelegate.m */; };
		6ABE3D441C9A1741000573C1 /* ViewController.m in Sources */ = {isa = PBXBuildFile; fileRef = 6ABE3D431C9A1741000573C1 /* ViewController.m */; };
		6ABE3D471C9A1741000573C1 /* Main.storyboard in Resources */ = {isa = PBXBuildFile; fileRef = 6ABE3D451C9A1741000573C1 /* Main.storyboard */; };
		6ABE3D4A1C9A1741000573C1 /* Math_Game.xcdatamodeld in Sources */ = {isa = PBXBuildFile; fileRef = 6ABE3D481C9A1741000573C1 /* Math_Game.xcdatamodeld */; };
		6ABE3D4C1C9A1741000573C1 /* Assets.xcassets in Resources */ = {isa = PBXBuildFile; fileRef = 6ABE3D4B1C9A1741000573C1 /* Assets.xcassets */; };
		6ABE3D4F1C9A1741000573C1 /* LaunchScreen.storyboard in Resources */ = {isa = PBXBuildFile; fileRef = 6ABE3D4D1C9A1741000573C1 /* LaunchScreen.storyboard */; };
		6ABE3D5A1C9A1741000573C1 /* Math_GameTests.m in Sources */ = {isa = PBXBuildFile; fileRef = 6ABE3D591C9A1741000573C1 /* Math_GameTests.m */; };
		6ABE3D651C9A1741000573C1 /* Math_GameUITests.m in Sources */ = {isa = PBXBuildFile; fileRef = 6ABE3D641C9A1741000573C1 /* Math_GameUITests.m */; };
/* End PBXBuildFile section */

/* Begin PBXContainerItemProxy section */
		6ABE3D561C9A1741000573C1 /* PBXContainerItemProxy */ = {
			isa = PBXContainerItemProxy;
			containerPortal = 6ABE3D311C9A1741000573C1 /* Project object */;
			proxyType = 1;
			remoteGlobalIDString = 6ABE3D381C9A1741000573C1;
			remoteInfo = "Math Game";
		};
		6ABE3D611C9A1741000573C1 /* PBXContainerItemProxy */ = {
			isa = PBXContainerItemProxy;
			containerPortal = 6ABE3D311C9A1741000573C1 /* Project object */;
			proxyType = 1;
			remoteGlobalIDString = 6ABE3D381C9A1741000573C1;
			remoteInfo = "Math Game";
		};
/* End PBXContainerItemProxy section */

/* Begin PBXFileReference section */
		6ABE3D391C9A1741000573C1 /* Math Game.app */ = {isa = PBXFileReference; explicitFileType = wrapper.application; includeInIndex = 0; path = "Math Game.app"; sourceTree = BUILT_PRODUCTS_DIR; };
		6ABE3D3D1C9A1741000573C1 /* main.m */ = {isa = PBXFileReference; lastKnownFileType = sourcecode.c.objc; path = main.m; sourceTree = "<group>"; };
		6ABE3D3F1C9A1741000573C1 /* AppDelegate.h */ = {isa = PBXFileReference; lastKnownFileType = sourcecode.c.h; path = AppDelegate.h; sourceTree = "<group>"; };
		6ABE3D401C9A1741000573C1 /* AppDelegate.m */ = {isa = PBXFileReference; lastKnownFileType = sourcecode.c.objc; path = AppDelegate.m; sourceTree = "<group>"; };
		6ABE3D421C9A1741000573C1 /* ViewController.h */ = {isa = PBXFileReference; lastKnownFileType = sourcecode.c.h; path = ViewController.h; sourceTree = "<group>"; };
		6ABE3D431C9A1741000573C1 /* ViewController.m */ = {isa = PBXFileReference; lastKnownFileType = sourcecode.c.objc; path = ViewController.m; sourceTree = "<group>"; };
		6ABE3D461C9A1741000573C1 /* Base */ = {isa = PBXFileReference; lastKnownFileType = file.storyboard; name = Base; path = Base.lproj/Main.storyboard; sourceTree = "<group>"; };
		6ABE3D491C9A1741000573C1 /* Math_Game.xcdatamodel */ = {isa = PBXFileReference; lastKnownFileType = wrapper.xcdatamodel; path = Math_Game.xcdatamodel; sourceTree = "<group>"; };
		6ABE3D4B1C9A1741000573C1 /* Assets.xcassets */ = {isa = PBXFileReference; lastKnownFileType = folder.assetcatalog; path = Assets.xcassets; sourceTree = "<group>"; };
		6ABE3D4E1C9A1741000573C1 /* Base */ = {isa = PBXFileReference; lastKnownFileType = file.storyboard; name = Base; path = Base.lproj/LaunchScreen.storyboard; sourceTree = "<group>"; };
		6ABE3D501C9A1741000573C1 /* Info.plist */ = {isa = PBXFileReference; lastKnownFileType = text.plist.xml; path = Info.plist; sourceTree = "<group>"; };
		6ABE3D551C9A1741000573C1 /* Math GameTests.xctest */ = {isa = PBXFileReference; explicitFileType = wrapper.cfbundle; includeInIndex = 0; path = "Math GameTests.xctest"; sourceTree = BUILT_PRODUCTS_DIR; };
		6ABE3D591C9A1741000573C1 /* Math_GameTests.m */ = {isa = PBXFileReference; lastKnownFileType = sourcecode.c.objc; path = Math_GameTests.m; sourceTree = "<group>"; };
		6ABE3D5B1C9A1741000573C1 /* Info.plist */ = {isa = PBXFileReference; lastKnownFileType = text.plist.xml; path = Info.plist; sourceTree = "<group>"; };
		6ABE3D601C9A1741000573C1 /* Math GameUITests.xctest */ = {isa = PBXFileReference; explicitFileType = wrapper.cfbundle; includeInIndex = 0; path = "Math GameUITests.xctest"; sourceTree = BUILT_PRODUCTS_DIR; };
		6ABE3D641C9A1741000573C1 /* Math_GameUITests.m */ = {isa = PBXFileReference; lastKnownFileType = sourcecode.c.objc; path = Math_GameUITests.m; sourceTree = "<group>"; };
		6ABE3D661C9A1741000573C1 /* Info.plist */ = {isa = PBXFileReference; lastKnownFileType = text.plist.xml; path = Info.plist; sourceTree = "<group>"; };
/* End PBXFileReference section */

/* Begin PBXFrameworksBuildPhase section */
		6ABE3D361C9A1741000573C1 /* Frameworks */ = {
			isa = PBXFrameworksBuildPhase;
			buildActionMask = 2147483647;
			files = (
			);
			runOnlyForDeploymentPostprocessing = 0;
		};
		6ABE3D521C9A1741000573C1 /* Frameworks */ = {
			isa = PBXFrameworksBuildPhase;
			buildActionMask = 2147483647;
			files = (
			);
			runOnlyForDeploymentPostprocessing = 0;
		};
		6ABE3D5D1C9A1741000573C1 /* Frameworks */ = {
			isa = PBXFrameworksBuildPhase;
			buildActionMask = 2147483647;
			files = (
			);
			runOnlyForDeploymentPostprocessing = 0;
		};
/* End PBXFrameworksBuildPhase section */

/* Begin PBXGroup section */
		6ABE3D301C9A1741000573C1 = {
			isa = PBXGroup;
			children = (
				6ABE3D3B1C9A1741000573C1 /* Math Game */,
				6ABE3D581C9A1741000573C1 /* Math GameTests */,
				6ABE3D631C9A1741000573C1 /* Math GameUITests */,
				6ABE3D3A1C9A1741000573C1 /* Products */,
			);
			sourceTree = "<group>";
		};
		6ABE3D3A1C9A1741000573C1 /* Products */ = {
			isa = PBXGroup;
			children = (
				6ABE3D391C9A1741000573C1 /* Math Game.app */,
				6ABE3D551C9A1741000573C1 /* Math GameTests.xctest */,
				6ABE3D601C9A1741000573C1 /* Math GameUITests.xctest */,
			);
			name = Products;
			sourceTree = "<group>";
		};
		6ABE3D3B1C9A1741000573C1 /* Math Game */ = {
			isa = PBXGroup;
			children = (
				6ABE3D3F1C9A1741000573C1 /* AppDelegate.h */,
				6ABE3D401C9A1741000573C1 /* AppDelegate.m */,
				6ABE3D421C9A1741000573C1 /* ViewController.h */,
				6ABE3D431C9A1741000573C1 /* ViewController.m */,
				6ABE3D451C9A1741000573C1 /* Main.storyboard */,
				6ABE3D4B1C9A1741000573C1 /* Assets.xcassets */,
				6ABE3D4D1C9A1741000573C1 /* LaunchScreen.storyboard */,
				6ABE3D501C9A1741000573C1 /* Info.plist */,
				6ABE3D481C9A1741000573C1 /* Math_Game.xcdatamodeld */,
				6ABE3D3C1C9A1741000573C1 /* Supporting Files */,
			);
			path = "Math Game";
			sourceTree = "<group>";
		};
		6ABE3D3C1C9A1741000573C1 /* Supporting Files */ = {
			isa = PBXGroup;
			children = (
				6ABE3D3D1C9A1741000573C1 /* main.m */,
			);
			name = "Supporting Files";
			sourceTree = "<group>";
		};
		6ABE3D581C9A1741000573C1 /* Math GameTests */ = {
			isa = PBXGroup;
			children = (
				6ABE3D591C9A1741000573C1 /* Math_GameTests.m */,
				6ABE3D5B1C9A1741000573C1 /* Info.plist */,
			);
			path = "Math GameTests";
			sourceTree = "<group>";
		};
		6ABE3D631C9A1741000573C1 /* Math GameUITests */ = {
			isa = PBXGroup;
			children = (
				6ABE3D641C9A1741000573C1 /* Math_GameUITests.m */,
				6ABE3D661C9A1741000573C1 /* Info.plist */,
			);
			path = "Math GameUITests";
			sourceTree = "<group>";
		};
/* End PBXGroup section */

/* Begin PBXNativeTarget section */
		6ABE3D381C9A1741000573C1 /* Math Game */ = {
			isa = PBXNativeTarget;
			buildConfigurationList = 6ABE3D691C9A1741000573C1 /* Build configuration list for PBXNativeTarget "Math Game" */;
			buildPhases = (
				6ABE3D351C9A1741000573C1 /* Sources */,
				6ABE3D361C9A1741000573C1 /* Frameworks */,
				6ABE3D371C9A1741000573C1 /* Resources */,
			);
			buildRules = (
			);
			dependencies = (
			);
			name = "Math Game";
			productName = "Math Game";
			productReference = 6ABE3D391C9A1741000573C1 /* Math Game.app */;
			productType = "com.apple.product-type.application";
		};
		6ABE3D541C9A1741000573C1 /* Math GameTests */ = {
			isa = PBXNativeTarget;
			buildConfigurationList = 6ABE3D6C1C9A1741000573C1 /* Build configuration list for PBXNativeTarget "Math GameTests" */;
			buildPhases = (
				6ABE3D511C9A1741000573C1 /* Sources */,
				6ABE3D521C9A1741000573C1 /* Frameworks */,
				6ABE3D531C9A1741000573C1 /* Resources */,
			);
			buildRules = (
			);
			dependencies = (
				6ABE3D571C9A1741000573C1 /* PBXTargetDependency */,
			);
			name = "Math GameTests";
			productName = "Math GameTests";
			productReference = 6ABE3D551C9A1741000573C1 /* Math GameTests.xctest */;
			productType = "com.apple.product-type.bundle.unit-test";
		};
		6ABE3D5F1C9A1741000573C1 /* Math GameUITests */ = {
			isa = PBXNativeTarget;
			buildConfigurationList = 6ABE3D6F1C9A1741000573C1 /* Build configuration list for PBXNativeTarget "Math GameUITests" */;
			buildPhases = (
				6ABE3D5C1C9A1741000573C1 /* Sources */,
				6ABE3D5D1C9A1741000573C1 /* Frameworks */,
				6ABE3D5E1C9A1741000573C1 /* Resources */,
			);
			buildRules = (
			);
			dependencies = (
				6ABE3D621C9A1741000573C1 /* PBXTargetDependency */,
			);
			name = "Math GameUITests";
			productName = "Math GameUITests";
			productReference = 6ABE3D601C9A1741000573C1 /* Math GameUITests.xctest */;
			productType = "com.apple.product-type.bundle.ui-testing";
		};
/* End PBXNativeTarget section */

/* Begin PBXProject section */
		6ABE3D311C9A1741000573C1 /* Project object */ = {
			isa = PBXProject;
			attributes = {
				LastUpgradeCheck = 0720;
				ORGANIZATIONNAME = "Prashant Raju";
				TargetAttributes = {
					6ABE3D381C9A1741000573C1 = {
						CreatedOnToolsVersion = 7.2.1;
					};
					6ABE3D541C9A1741000573C1 = {
						CreatedOnToolsVersion = 7.2.1;
						TestTargetID = 6ABE3D381C9A1741000573C1;
					};
					6ABE3D5F1C9A1741000573C1 = {
						CreatedOnToolsVersion = 7.2.1;
						TestTargetID = 6ABE3D381C9A1741000573C1;
					};
				};
			};
			buildConfigurationList = 6ABE3D341C9A1741000573C1 /* Build configuration list for PBXProject "Math Game" */;
			compatibilityVersion = "Xcode 3.2";
			developmentRegion = English;
			hasScannedForEncodings = 0;
			knownRegions = (
				en,
				Base,
			);
			mainGroup = 6ABE3D301C9A1741000573C1;
			productRefGroup = 6ABE3D3A1C9A1741000573C1 /* Products */;
			projectDirPath = "";
			projectRoot = "";
			targets = (
				6ABE3D381C9A1741000573C1 /* Math Game */,
				6ABE3D541C9A1741000573C1 /* Math GameTests */,
				6ABE3D5F1C9A1741000573C1 /* Math GameUITests */,
			);
		};
/* End PBXProject section */

/* Begin PBXResourcesBuildPhase section */
		6ABE3D371C9A1741000573C1 /* Resources */ = {
			isa = PBXResourcesBuildPhase;
			buildActionMask = 2147483647;
			files = (
				6ABE3D4F1C9A1741000573C1 /* LaunchScreen.storyboard in Resources */,
				6ABE3D4C1C9A1741000573C1 /* Assets.xcassets in Resources */,
				6ABE3D471C9A1741000573C1 /* Main.storyboard in Resources */,
			);
			runOnlyForDeploymentPostprocessing = 0;
		};
		6ABE3D531C9A1741000573C1 /* Resources */ = {
			isa = PBXResourcesBuildPhase;
			buildActionMask = 2147483647;
			files = (
			);
			runOnlyForDeploymentPostprocessing = 0;
		};
		6ABE3D5E1C9A1741000573C1 /* Resources */ = {
			isa = PBXResourcesBuildPhase;
			buildActionMask = 2147483647;
			files = (
			);
			runOnlyForDeploymentPostprocessing = 0;
		};
/* End PBXResourcesBuildPhase section */

/* Begin PBXSourcesBuildPhase section */
		6ABE3D351C9A1741000573C1 /* Sources */ = {
			isa = PBXSourcesBuildPhase;
			buildActionMask = 2147483647;
			files = (
				6ABE3D441C9A1741000573C1 /* ViewController.m in Sources */,
				6ABE3D4A1C9A1741000573C1 /* Math_Game.xcdatamodeld in Sources */,
				6ABE3D411C9A1741000573C1 /* AppDelegate.m in Sources */,
				6ABE3D3E1C9A1741000573C1 /* main.m in Sources */,
			);
			runOnlyForDeploymentPostprocessing = 0;
		};
		6ABE3D511C9A1741000573C1 /* Sources */ = {
			isa = PBXSourcesBuildPhase;
			buildActionMask = 2147483647;
			files = (
				6ABE3D5A1C9A1741000573C1 /* Math_GameTests.m in Sources */,
			);
			runOnlyForDeploymentPostprocessing = 0;
		};
		6ABE3D5C1C9A1741000573C1 /* Sources */ = {
			isa = PBXSourcesBuildPhase;
			buildActionMask = 2147483647;
			files = (
				6ABE3D651C9A1741000573C1 /* Math_GameUITests.m in Sources */,
			);
			runOnlyForDeploymentPostprocessing = 0;
		};
/* End PBXSourcesBuildPhase section */

/* Begin PBXTargetDependency section */
		6ABE3D571C9A1741000573C1 /* PBXTargetDependency */ = {
			isa = PBXTargetDependency;
			target = 6ABE3D381C9A1741000573C1 /* Math Game */;
			targetProxy = 6ABE3D561C9A1741000573C1 /* PBXContainerItemProxy */;
		};
		6ABE3D621C9A1741000573C1 /* PBXTargetDependency */ = {
			isa = PBXTargetDependency;
			target = 6ABE3D381C9A1741000573C1 /* Math Game */;
			targetProxy = 6ABE3D611C9A1741000573C1 /* PBXContainerItemProxy */;
		};
/* End PBXTargetDependency section */

/* Begin PBXVariantGroup section */
		6ABE3D451C9A1741000573C1 /* Main.storyboard */ = {
			isa = PBXVariantGroup;
			children = (
				6ABE3D461C9A1741000573C1 /* Base */,
			);
			name = Main.storyboard;
			sourceTree = "<group>";
		};
		6ABE3D4D1C9A1741000573C1 /* LaunchScreen.storyboard */ = {
			isa = PBXVariantGroup;
			children = (
				6ABE3D4E1C9A1741000573C1 /* Base */,
			);
			name = LaunchScreen.storyboard;
			sourceTree = "<group>";
		};
/* End PBXVariantGroup section */

/* Begin XCBuildConfiguration section */
		6ABE3D671C9A1741000573C1 /* Debug */ = {
			isa = XCBuildConfiguration;
			buildSettings = {
				ALWAYS_SEARCH_USER_PATHS = NO;
				CLANG_CXX_LANGUAGE_STANDARD = "gnu++0x";
				CLANG_CXX_LIBRARY = "libc++";
				CLANG_ENABLE_MODULES = YES;
				CLANG_ENABLE_OBJC_ARC = YES;
				CLANG_WARN_BOOL_CONVERSION = YES;
				CLANG_WARN_CONSTANT_CONVERSION = YES;
				CLANG_WARN_DIRECT_OBJC_ISA_USAGE = YES_ERROR;
				CLANG_WARN_EMPTY_BODY = YES;
				CLANG_WARN_ENUM_CONVERSION = YES;
				CLANG_WARN_INT_CONVERSION = YES;
				CLANG_WARN_OBJC_ROOT_CLASS = YES_ERROR;
				CLANG_WARN_UNREACHABLE_CODE = YES;
				CLANG_WARN__DUPLICATE_METHOD_MATCH = YES;
				"CODE_SIGN_IDENTITY[sdk=iphoneos*]" = "iPhone Developer";
				COPY_PHASE_STRIP = NO;
				DEBUG_INFORMATION_FORMAT = dwarf;
				ENABLE_STRICT_OBJC_MSGSEND = YES;
				ENABLE_TESTABILITY = YES;
				GCC_C_LANGUAGE_STANDARD = gnu99;
				GCC_DYNAMIC_NO_PIC = NO;
				GCC_NO_COMMON_BLOCKS = YES;
				GCC_OPTIMIZATION_LEVEL = 0;
				GCC_PREPROCESSOR_DEFINITIONS = (
					"DEBUG=1",
					"$(inherited)",
				);
				GCC_WARN_64_TO_32_BIT_CONVERSION = YES;
				GCC_WARN_ABOUT_RETURN_TYPE = YES_ERROR;
				GCC_WARN_UNDECLARED_SELECTOR = YES;
				GCC_WARN_UNINITIALIZED_AUTOS = YES_AGGRESSIVE;
				GCC_WARN_UNUSED_FUNCTION = YES;
				GCC_WARN_UNUSED_VARIABLE = YES;
				IPHONEOS_DEPLOYMENT_TARGET = 9.2;
				MTL_ENABLE_DEBUG_INFO = YES;
				ONLY_ACTIVE_ARCH = YES;
				SDKROOT = iphoneos;
			};
			name = Debug;
		};
		6ABE3D681C9A1741000573C1 /* Release */ = {
			isa = XCBuildConfiguration;
			buildSettings = {
				ALWAYS_SEARCH_USER_PATHS = NO;
				CLANG_CXX_LANGUAGE_STANDARD = "gnu++0x";
				CLANG_CXX_LIBRARY = "libc++";
				CLANG_ENABLE_MODULES = YES;
				CLANG_ENABLE_OBJC_ARC = YES;
				CLANG_WARN_BOOL_CONVERSION = YES;
				CLANG_WARN_CONSTANT_CONVERSION = YES;
				CLANG_WARN_DIRECT_OBJC_ISA_USAGE = YES_ERROR;
				CLANG_WARN_EMPTY_BODY = YES;
				CLANG_WARN_ENUM_CONVERSION = YES;
				CLANG_WARN_INT_CONVERSION = YES;
				CLANG_WARN_OBJC_ROOT_CLASS = YES_ERROR;
				CLANG_WARN_UNREACHABLE_CODE = YES;
				CLANG_WARN__DUPLICATE_METHOD_MATCH = YES;
				"CODE_SIGN_IDENTITY[sdk=iphoneos*]" = "iPhone Developer";
				COPY_PHASE_STRIP = NO;
				DEBUG_INFORMATION_FORMAT = "dwarf-with-dsym";
				ENABLE_NS_ASSERTIONS = NO;
				ENABLE_STRICT_OBJC_MSGSEND = YES;
				GCC_C_LANGUAGE_STANDARD = gnu99;
				GCC_NO_COMMON_BLOCKS = YES;
				GCC_WARN_64_TO_32_BIT_CONVERSION = YES;
				GCC_WARN_ABOUT_RETURN_TYPE = YES_ERROR;
				GCC_WARN_UNDECLARED_SELECTOR = YES;
				GCC_WARN_UNINITIALIZED_AUTOS = YES_AGGRESSIVE;
				GCC_WARN_UNUSED_FUNCTION = YES;
				GCC_WARN_UNUSED_VARIABLE = YES;
				IPHONEOS_DEPLOYMENT_TARGET = 9.2;
				MTL_ENABLE_DEBUG_INFO = NO;
				SDKROOT = iphoneos;
				VALIDATE_PRODUCT = YES;
			};
			name = Release;
		};
		6ABE3D6A1C9A1741000573C1 /* Debug */ = {
			isa = XCBuildConfiguration;
			buildSettings = {
				ASSETCATALOG_COMPILER_APPICON_NAME = AppIcon;
				INFOPLIST_FILE = "Math Game/Info.plist";
				LD_RUNPATH_SEARCH_PATHS = "$(inherited) @executable_path/Frameworks";
				PRODUCT_BUNDLE_IDENTIFIER = "com.me.prashant.raju.Math-Game";
				PRODUCT_NAME = "$(TARGET_NAME)";
			};
			name = Debug;
		};
		6ABE3D6B1C9A1741000573C1 /* Release */ = {
			isa = XCBuildConfiguration;
			buildSettings = {
				ASSETCATALOG_COMPILER_APPICON_NAME = AppIcon;
				INFOPLIST_FILE = "Math Game/Info.plist";
				LD_RUNPATH_SEARCH_PATHS = "$(inherited) @executable_path/Frameworks";
				PRODUCT_BUNDLE_IDENTIFIER = "com.me.prashant.raju.Math-Game";
				PRODUCT_NAME = "$(TARGET_NAME)";
			};
			name = Release;
		};
		6ABE3D6D1C9A1741000573C1 /* Debug */ = {
			isa = XCBuildConfiguration;
			buildSettings = {
				BUNDLE_LOADER = "$(TEST_HOST)";
				INFOPLIST_FILE = "Math GameTests/Info.plist";
				LD_RUNPATH_SEARCH_PATHS = "$(inherited) @executable_path/Frameworks @loader_path/Frameworks";
				PRODUCT_BUNDLE_IDENTIFIER = "com.me.prashant.raju.Math-GameTests";
				PRODUCT_NAME = "$(TARGET_NAME)";
				TEST_HOST = "$(BUILT_PRODUCTS_DIR)/Math Game.app/Math Game";
			};
			name = Debug;
		};
		6ABE3D6E1C9A1741000573C1 /* Release */ = {
			isa = XCBuildConfiguration;
			buildSettings = {
				BUNDLE_LOADER = "$(TEST_HOST)";
				INFOPLIST_FILE = "Math GameTests/Info.plist";
				LD_RUNPATH_SEARCH_PATHS = "$(inherited) @executable_path/Frameworks @loader_path/Frameworks";
				PRODUCT_BUNDLE_IDENTIFIER = "com.me.prashant.raju.Math-GameTests";
				PRODUCT_NAME = "$(TARGET_NAME)";
				TEST_HOST = "$(BUILT_PRODUCTS_DIR)/Math Game.app/Math Game";
			};
			name = Release;
		};
		6ABE3D701C9A1741000573C1 /* Debug */ = {
			isa = XCBuildConfiguration;
			buildSettings = {
				INFOPLIST_FILE = "Math GameUITests/Info.plist";
				LD_RUNPATH_SEARCH_PATHS = "$(inherited) @executable_path/Frameworks @loader_path/Frameworks";
				PRODUCT_BUNDLE_IDENTIFIER = "com.me.prashant.raju.Math-GameUITests";
				PRODUCT_NAME = "$(TARGET_NAME)";
				TEST_TARGET_NAME = "Math Game";
				USES_XCTRUNNER = YES;
			};
			name = Debug;
		};
		6ABE3D711C9A1741000573C1 /* Release */ = {
			isa = XCBuildConfiguration;
			buildSettings = {
				INFOPLIST_FILE = "Math GameUITests/Info.plist";
				LD_RUNPATH_SEARCH_PATHS = "$(inherited) @executable_path/Frameworks @loader_path/Frameworks";
				PRODUCT_BUNDLE_IDENTIFIER = "com.me.prashant.raju.Math-GameUITests";
				PRODUCT_NAME = "$(TARGET_NAME)";
				TEST_TARGET_NAME = "Math Game";
				USES_XCTRUNNER = YES;
			};
			name = Release;
		};
/* End XCBuildConfiguration section */

/* Begin XCConfigurationList section */
		6ABE3D341C9A1741000573C1 /* Build configuration list for PBXProject "Math Game" */ = {
			isa = XCConfigurationList;
			buildConfigurations = (
				6ABE3D671C9A1741000573C1 /* Debug */,
				6ABE3D681C9A1741000573C1 /* Release */,
			);
			defaultConfigurationIsVisible = 0;
			defaultConfigurationName = Release;
		};
		6ABE3D691C9A1741000573C1 /* Build configuration list for PBXNativeTarget "Math Game" */ = {
			isa = XCConfigurationList;
			buildConfigurations = (
				6ABE3D6A1C9A1741000573C1 /* Debug */,
				6ABE3D6B1C9A1741000573C1 /* Release */,
			);
			defaultConfigurationIsVisible = 0;
		};
		6ABE3D6C1C9A1741000573C1 /* Build configuration list for PBXNativeTarget "Math GameTests" */ = {
			isa = XCConfigurationList;
			buildConfigurations = (
				6ABE3D6D1C9A1741000573C1 /* Debug */,
				6ABE3D6E1C9A1741000573C1 /* Release */,
			);
			defaultConfigurationIsVisible = 0;
		};
		6ABE3D6F1C9A1741000573C1 /* Build configuration list for PBXNativeTarget "Math GameUITests" */ = {
			isa = XCConfigurationList;
			buildConfigurations = (
				6ABE3D701C9A1741000573C1 /* Debug */,
				6ABE3D711C9A1741000573C1 /* Release */,
			);
			defaultConfigurationIsVisible = 0;
		};
/* End XCConfigurationList section */

/* Begin XCVersionGroup section */
		6ABE3D481C9A1741000573C1 /* Math_Game.xcdatamodeld */ = {
			isa = XCVersionGroup;
			children = (
				6ABE3D491C9A1741000573C1 /* Math_Game.xcdatamodel */,
			);
			currentVersion = 6ABE3D491C9A1741000573C1 /* Math_Game.xcdatamodel */;
			path = Math_Game.xcdatamodeld;
			sourceTree = "<group>";
			versionGroupType = wrapper.xcdatamodel;
		};
/* End XCVersionGroup section */
	};
	rootObject = 6ABE3D311C9A1741000573C1 /* Project object */;
}
